// !$*UTF8*$!
{
	archiveVersion = 1;
	classes = {
	};
	objectVersion = 56;
	objects = {

/* Begin PBXBuildFile section */
		A54D46222BF006AC00722F48 /* UIView+Extension.swift in Sources */ = {isa = PBXBuildFile; fileRef = A54D46212BF006AC00722F48 /* UIView+Extension.swift */; };
		A54D46242BF006E400722F48 /* Constants.swift in Sources */ = {isa = PBXBuildFile; fileRef = A54D46232BF006E400722F48 /* Constants.swift */; };
		A54D46262BF0073600722F48 /* AppColors.swift in Sources */ = {isa = PBXBuildFile; fileRef = A54D46252BF0073600722F48 /* AppColors.swift */; };
		A54D46282BF0078100722F48 /* UIColor+Extension.swift in Sources */ = {isa = PBXBuildFile; fileRef = A54D46272BF0078100722F48 /* UIColor+Extension.swift */; };
		A54D462A2BF007CE00722F48 /* String+Extension.swift in Sources */ = {isa = PBXBuildFile; fileRef = A54D46292BF007CE00722F48 /* String+Extension.swift */; };
		A54D462C2BF0080900722F48 /* DateFormatter+Extension.swift in Sources */ = {isa = PBXBuildFile; fileRef = A54D462B2BF0080900722F48 /* DateFormatter+Extension.swift */; };
		A54D462E2BF0085500722F48 /* DefaultCodableStrategy.swift in Sources */ = {isa = PBXBuildFile; fileRef = A54D462D2BF0085500722F48 /* DefaultCodableStrategy.swift */; };
		A54D46302BF0099B00722F48 /* DIContainer.swift in Sources */ = {isa = PBXBuildFile; fileRef = A54D462F2BF0099B00722F48 /* DIContainer.swift */; };
		A54D46322BF009C700722F48 /* AppImages.swift in Sources */ = {isa = PBXBuildFile; fileRef = A54D46312BF009C700722F48 /* AppImages.swift */; };
		A54D46352BF00A1A00722F48 /* NavigationCoordinator.swift in Sources */ = {isa = PBXBuildFile; fileRef = A54D46342BF00A1A00722F48 /* NavigationCoordinator.swift */; };
		A54D46372BF00A8300722F48 /* AppNavigation.swift in Sources */ = {isa = PBXBuildFile; fileRef = A54D46362BF00A8300722F48 /* AppNavigation.swift */; };
		A54D463C2BF08DA900722F48 /* URLRequestConvertible.swift in Sources */ = {isa = PBXBuildFile; fileRef = A54D463B2BF08DA900722F48 /* URLRequestConvertible.swift */; };
		A54D463E2BF08DC400722F48 /* Router.swift in Sources */ = {isa = PBXBuildFile; fileRef = A54D463D2BF08DC400722F48 /* Router.swift */; };
		A54D46402BF08DE400722F48 /* NetworkCommonTypes.swift in Sources */ = {isa = PBXBuildFile; fileRef = A54D463F2BF08DE400722F48 /* NetworkCommonTypes.swift */; };
		A54D46422BF08E0000722F48 /* NetworkServiceProtocol.swift in Sources */ = {isa = PBXBuildFile; fileRef = A54D46412BF08E0000722F48 /* NetworkServiceProtocol.swift */; };
		A54D46442BF08E3400722F48 /* DefaultNetworkService.swift in Sources */ = {isa = PBXBuildFile; fileRef = A54D46432BF08E3400722F48 /* DefaultNetworkService.swift */; };
		A54D46472BF08FD700722F48 /* KeychainHelper.swift in Sources */ = {isa = PBXBuildFile; fileRef = A54D46462BF08FD700722F48 /* KeychainHelper.swift */; };
		A54D464A2BF095D600722F48 /* MockURLProtocol.swift in Sources */ = {isa = PBXBuildFile; fileRef = A54D46492BF095D600722F48 /* MockURLProtocol.swift */; };
		A54D464D2BF0961000722F48 /* NetworkMockRoute.swift in Sources */ = {isa = PBXBuildFile; fileRef = A54D464C2BF0961000722F48 /* NetworkMockRoute.swift */; };
		A54D46512BF0969A00722F48 /* NetworkTests.swift in Sources */ = {isa = PBXBuildFile; fileRef = A54D46502BF0969A00722F48 /* NetworkTests.swift */; };
		A581B93C2BEF831B005B2B4D /* AppDelegate.swift in Sources */ = {isa = PBXBuildFile; fileRef = A581B93B2BEF831B005B2B4D /* AppDelegate.swift */; };
		A581B93E2BEF831B005B2B4D /* SceneDelegate.swift in Sources */ = {isa = PBXBuildFile; fileRef = A581B93D2BEF831B005B2B4D /* SceneDelegate.swift */; };
		A581B9402BEF831B005B2B4D /* ViewController.swift in Sources */ = {isa = PBXBuildFile; fileRef = A581B93F2BEF831B005B2B4D /* ViewController.swift */; };
		A581B9432BEF831B005B2B4D /* Main.storyboard in Resources */ = {isa = PBXBuildFile; fileRef = A581B9412BEF831B005B2B4D /* Main.storyboard */; };
		A581B9452BEF831D005B2B4D /* Assets.xcassets in Resources */ = {isa = PBXBuildFile; fileRef = A581B9442BEF831D005B2B4D /* Assets.xcassets */; };
		A581B9482BEF831D005B2B4D /* LaunchScreen.storyboard in Resources */ = {isa = PBXBuildFile; fileRef = A581B9462BEF831D005B2B4D /* LaunchScreen.storyboard */; };
		A581B9532BEF831D005B2B4D /* bornlogic_testTests.swift in Sources */ = {isa = PBXBuildFile; fileRef = A581B9522BEF831D005B2B4D /* bornlogic_testTests.swift */; };
		A581B95D2BEF831D005B2B4D /* bornlogic_testUITests.swift in Sources */ = {isa = PBXBuildFile; fileRef = A581B95C2BEF831D005B2B4D /* bornlogic_testUITests.swift */; };
		A581B95F2BEF831D005B2B4D /* bornlogic_testUITestsLaunchTests.swift in Sources */ = {isa = PBXBuildFile; fileRef = A581B95E2BEF831D005B2B4D /* bornlogic_testUITestsLaunchTests.swift */; };
/* End PBXBuildFile section */

/* Begin PBXContainerItemProxy section */
		A581B94F2BEF831D005B2B4D /* PBXContainerItemProxy */ = {
			isa = PBXContainerItemProxy;
			containerPortal = A581B9302BEF831B005B2B4D /* Project object */;
			proxyType = 1;
			remoteGlobalIDString = A581B9372BEF831B005B2B4D;
			remoteInfo = "bornlogic-test";
		};
		A581B9592BEF831D005B2B4D /* PBXContainerItemProxy */ = {
			isa = PBXContainerItemProxy;
			containerPortal = A581B9302BEF831B005B2B4D /* Project object */;
			proxyType = 1;
			remoteGlobalIDString = A581B9372BEF831B005B2B4D;
			remoteInfo = "bornlogic-test";
		};
/* End PBXContainerItemProxy section */

/* Begin PBXFileReference section */
		A54D46212BF006AC00722F48 /* UIView+Extension.swift */ = {isa = PBXFileReference; lastKnownFileType = sourcecode.swift; path = "UIView+Extension.swift"; sourceTree = "<group>"; };
		A54D46232BF006E400722F48 /* Constants.swift */ = {isa = PBXFileReference; lastKnownFileType = sourcecode.swift; path = Constants.swift; sourceTree = "<group>"; };
		A54D46252BF0073600722F48 /* AppColors.swift */ = {isa = PBXFileReference; lastKnownFileType = sourcecode.swift; path = AppColors.swift; sourceTree = "<group>"; };
		A54D46272BF0078100722F48 /* UIColor+Extension.swift */ = {isa = PBXFileReference; lastKnownFileType = sourcecode.swift; path = "UIColor+Extension.swift"; sourceTree = "<group>"; };
		A54D46292BF007CE00722F48 /* String+Extension.swift */ = {isa = PBXFileReference; lastKnownFileType = sourcecode.swift; path = "String+Extension.swift"; sourceTree = "<group>"; };
		A54D462B2BF0080900722F48 /* DateFormatter+Extension.swift */ = {isa = PBXFileReference; lastKnownFileType = sourcecode.swift; path = "DateFormatter+Extension.swift"; sourceTree = "<group>"; };
		A54D462D2BF0085500722F48 /* DefaultCodableStrategy.swift */ = {isa = PBXFileReference; lastKnownFileType = sourcecode.swift; path = DefaultCodableStrategy.swift; sourceTree = "<group>"; };
		A54D462F2BF0099B00722F48 /* DIContainer.swift */ = {isa = PBXFileReference; lastKnownFileType = sourcecode.swift; path = DIContainer.swift; sourceTree = "<group>"; };
		A54D46312BF009C700722F48 /* AppImages.swift */ = {isa = PBXFileReference; lastKnownFileType = sourcecode.swift; path = AppImages.swift; sourceTree = "<group>"; };
		A54D46342BF00A1A00722F48 /* NavigationCoordinator.swift */ = {isa = PBXFileReference; lastKnownFileType = sourcecode.swift; path = NavigationCoordinator.swift; sourceTree = "<group>"; };
		A54D46362BF00A8300722F48 /* AppNavigation.swift */ = {isa = PBXFileReference; lastKnownFileType = sourcecode.swift; path = AppNavigation.swift; sourceTree = "<group>"; };
		A54D463B2BF08DA900722F48 /* URLRequestConvertible.swift */ = {isa = PBXFileReference; lastKnownFileType = sourcecode.swift; path = URLRequestConvertible.swift; sourceTree = "<group>"; };
		A54D463D2BF08DC400722F48 /* Router.swift */ = {isa = PBXFileReference; lastKnownFileType = sourcecode.swift; path = Router.swift; sourceTree = "<group>"; };
		A54D463F2BF08DE400722F48 /* NetworkCommonTypes.swift */ = {isa = PBXFileReference; lastKnownFileType = sourcecode.swift; path = NetworkCommonTypes.swift; sourceTree = "<group>"; };
		A54D46412BF08E0000722F48 /* NetworkServiceProtocol.swift */ = {isa = PBXFileReference; lastKnownFileType = sourcecode.swift; path = NetworkServiceProtocol.swift; sourceTree = "<group>"; };
		A54D46432BF08E3400722F48 /* DefaultNetworkService.swift */ = {isa = PBXFileReference; lastKnownFileType = sourcecode.swift; path = DefaultNetworkService.swift; sourceTree = "<group>"; };
		A54D46462BF08FD700722F48 /* KeychainHelper.swift */ = {isa = PBXFileReference; lastKnownFileType = sourcecode.swift; path = KeychainHelper.swift; sourceTree = "<group>"; };
		A54D46492BF095D600722F48 /* MockURLProtocol.swift */ = {isa = PBXFileReference; lastKnownFileType = sourcecode.swift; path = MockURLProtocol.swift; sourceTree = "<group>"; };
		A54D464C2BF0961000722F48 /* NetworkMockRoute.swift */ = {isa = PBXFileReference; lastKnownFileType = sourcecode.swift; path = NetworkMockRoute.swift; sourceTree = "<group>"; };
		A54D46502BF0969A00722F48 /* NetworkTests.swift */ = {isa = PBXFileReference; lastKnownFileType = sourcecode.swift; path = NetworkTests.swift; sourceTree = "<group>"; };
		A581B9382BEF831B005B2B4D /* bornlogic-test.app */ = {isa = PBXFileReference; explicitFileType = wrapper.application; includeInIndex = 0; path = "bornlogic-test.app"; sourceTree = BUILT_PRODUCTS_DIR; };
		A581B93B2BEF831B005B2B4D /* AppDelegate.swift */ = {isa = PBXFileReference; lastKnownFileType = sourcecode.swift; path = AppDelegate.swift; sourceTree = "<group>"; };
		A581B93D2BEF831B005B2B4D /* SceneDelegate.swift */ = {isa = PBXFileReference; lastKnownFileType = sourcecode.swift; path = SceneDelegate.swift; sourceTree = "<group>"; };
		A581B93F2BEF831B005B2B4D /* ViewController.swift */ = {isa = PBXFileReference; lastKnownFileType = sourcecode.swift; path = ViewController.swift; sourceTree = "<group>"; };
		A581B9422BEF831B005B2B4D /* Base */ = {isa = PBXFileReference; lastKnownFileType = file.storyboard; name = Base; path = Base.lproj/Main.storyboard; sourceTree = "<group>"; };
		A581B9442BEF831D005B2B4D /* Assets.xcassets */ = {isa = PBXFileReference; lastKnownFileType = folder.assetcatalog; path = Assets.xcassets; sourceTree = "<group>"; };
		A581B9472BEF831D005B2B4D /* Base */ = {isa = PBXFileReference; lastKnownFileType = file.storyboard; name = Base; path = Base.lproj/LaunchScreen.storyboard; sourceTree = "<group>"; };
		A581B9492BEF831D005B2B4D /* Info.plist */ = {isa = PBXFileReference; lastKnownFileType = text.plist.xml; path = Info.plist; sourceTree = "<group>"; };
		A581B94E2BEF831D005B2B4D /* bornlogic-testTests.xctest */ = {isa = PBXFileReference; explicitFileType = wrapper.cfbundle; includeInIndex = 0; path = "bornlogic-testTests.xctest"; sourceTree = BUILT_PRODUCTS_DIR; };
		A581B9522BEF831D005B2B4D /* bornlogic_testTests.swift */ = {isa = PBXFileReference; lastKnownFileType = sourcecode.swift; path = bornlogic_testTests.swift; sourceTree = "<group>"; };
		A581B9582BEF831D005B2B4D /* bornlogic-testUITests.xctest */ = {isa = PBXFileReference; explicitFileType = wrapper.cfbundle; includeInIndex = 0; path = "bornlogic-testUITests.xctest"; sourceTree = BUILT_PRODUCTS_DIR; };
		A581B95C2BEF831D005B2B4D /* bornlogic_testUITests.swift */ = {isa = PBXFileReference; lastKnownFileType = sourcecode.swift; path = bornlogic_testUITests.swift; sourceTree = "<group>"; };
		A581B95E2BEF831D005B2B4D /* bornlogic_testUITestsLaunchTests.swift */ = {isa = PBXFileReference; lastKnownFileType = sourcecode.swift; path = bornlogic_testUITestsLaunchTests.swift; sourceTree = "<group>"; };
/* End PBXFileReference section */

/* Begin PBXFrameworksBuildPhase section */
		A581B9352BEF831B005B2B4D /* Frameworks */ = {
			isa = PBXFrameworksBuildPhase;
			buildActionMask = 2147483647;
			files = (
			);
			runOnlyForDeploymentPostprocessing = 0;
		};
		A581B94B2BEF831D005B2B4D /* Frameworks */ = {
			isa = PBXFrameworksBuildPhase;
			buildActionMask = 2147483647;
			files = (
			);
			runOnlyForDeploymentPostprocessing = 0;
		};
		A581B9552BEF831D005B2B4D /* Frameworks */ = {
			isa = PBXFrameworksBuildPhase;
			buildActionMask = 2147483647;
			files = (
			);
			runOnlyForDeploymentPostprocessing = 0;
		};
/* End PBXFrameworksBuildPhase section */

/* Begin PBXGroup section */
		A54D46192BEFFDDE00722F48 /* feature */ = {
			isa = PBXGroup;
			children = (
				A54D461A2BEFFDE100722F48 /* news */,
			);
			path = feature;
			sourceTree = "<group>";
		};
		A54D461A2BEFFDE100722F48 /* news */ = {
			isa = PBXGroup;
			children = (
				A54D461D2BEFFDED00722F48 /* presentation */,
				A54D461C2BEFFDE900722F48 /* domain */,
				A54D461B2BEFFDE400722F48 /* data */,
			);
			path = news;
			sourceTree = "<group>";
		};
		A54D461B2BEFFDE400722F48 /* data */ = {
			isa = PBXGroup;
			children = (
			);
			path = data;
			sourceTree = "<group>";
		};
		A54D461C2BEFFDE900722F48 /* domain */ = {
			isa = PBXGroup;
			children = (
			);
			path = domain;
			sourceTree = "<group>";
		};
		A54D461D2BEFFDED00722F48 /* presentation */ = {
			isa = PBXGroup;
			children = (
			);
			path = presentation;
			sourceTree = "<group>";
		};
		A54D461E2BEFFF5E00722F48 /* util */ = {
			isa = PBXGroup;
			children = (
				A54D46332BF00A0D00722F48 /* Coordinator */,
				A54D46232BF006E400722F48 /* Constants.swift */,
				A54D46252BF0073600722F48 /* AppColors.swift */,
				A54D462D2BF0085500722F48 /* DefaultCodableStrategy.swift */,
				A54D462F2BF0099B00722F48 /* DIContainer.swift */,
				A54D46312BF009C700722F48 /* AppImages.swift */,
				A54D46462BF08FD700722F48 /* KeychainHelper.swift */,
			);
			path = util;
			sourceTree = "<group>";
		};
		A54D46202BEFFFB200722F48 /* extension */ = {
			isa = PBXGroup;
			children = (
				A54D46212BF006AC00722F48 /* UIView+Extension.swift */,
				A54D46272BF0078100722F48 /* UIColor+Extension.swift */,
				A54D46292BF007CE00722F48 /* String+Extension.swift */,
				A54D462B2BF0080900722F48 /* DateFormatter+Extension.swift */,
			);
			path = extension;
			sourceTree = "<group>";
		};
		A54D46332BF00A0D00722F48 /* Coordinator */ = {
			isa = PBXGroup;
			children = (
				A54D46342BF00A1A00722F48 /* NavigationCoordinator.swift */,
			);
			path = Coordinator;
			sourceTree = "<group>";
		};
		A54D46382BF08D5800722F48 /* network */ = {
			isa = PBXGroup;
			children = (
				A54D463A2BF08D6800722F48 /* domain */,
				A54D46392BF08D6400722F48 /* data */,
			);
			path = network;
			sourceTree = "<group>";
		};
		A54D46392BF08D6400722F48 /* data */ = {
			isa = PBXGroup;
			children = (
				A54D46452BF08E8100722F48 /* routes */,
				A54D46432BF08E3400722F48 /* DefaultNetworkService.swift */,
			);
			path = data;
			sourceTree = "<group>";
		};
		A54D463A2BF08D6800722F48 /* domain */ = {
			isa = PBXGroup;
			children = (
				A54D463B2BF08DA900722F48 /* URLRequestConvertible.swift */,
				A54D463D2BF08DC400722F48 /* Router.swift */,
				A54D463F2BF08DE400722F48 /* NetworkCommonTypes.swift */,
				A54D46412BF08E0000722F48 /* NetworkServiceProtocol.swift */,
			);
			path = domain;
			sourceTree = "<group>";
		};
		A54D46452BF08E8100722F48 /* routes */ = {
			isa = PBXGroup;
			children = (
			);
			path = routes;
			sourceTree = "<group>";
		};
		A54D46482BF095CE00722F48 /* Mocks */ = {
			isa = PBXGroup;
			children = (
				A54D464B2BF0960700722F48 /* Network */,
				A54D46492BF095D600722F48 /* MockURLProtocol.swift */,
			);
			path = Mocks;
			sourceTree = "<group>";
		};
		A54D464B2BF0960700722F48 /* Network */ = {
			isa = PBXGroup;
			children = (
				A54D464C2BF0961000722F48 /* NetworkMockRoute.swift */,
			);
			path = Network;
			sourceTree = "<group>";
		};
		A54D464F2BF0968E00722F48 /* Network */ = {
			isa = PBXGroup;
			children = (
				A54D46502BF0969A00722F48 /* NetworkTests.swift */,
			);
			path = Network;
			sourceTree = "<group>";
		};
		A581B92F2BEF831B005B2B4D = {
			isa = PBXGroup;
			children = (
				A581B93A2BEF831B005B2B4D /* bornlogic-test */,
				A581B9512BEF831D005B2B4D /* bornlogic-testTests */,
				A581B95B2BEF831D005B2B4D /* bornlogic-testUITests */,
				A581B9392BEF831B005B2B4D /* Products */,
			);
			sourceTree = "<group>";
		};
		A581B9392BEF831B005B2B4D /* Products */ = {
			isa = PBXGroup;
			children = (
				A581B9382BEF831B005B2B4D /* bornlogic-test.app */,
				A581B94E2BEF831D005B2B4D /* bornlogic-testTests.xctest */,
				A581B9582BEF831D005B2B4D /* bornlogic-testUITests.xctest */,
			);
			name = Products;
			sourceTree = "<group>";
		};
		A581B93A2BEF831B005B2B4D /* bornlogic-test */ = {
			isa = PBXGroup;
			children = (
				A54D46382BF08D5800722F48 /* network */,
				A54D46202BEFFFB200722F48 /* extension */,
				A54D461E2BEFFF5E00722F48 /* util */,
				A54D46192BEFFDDE00722F48 /* feature */,
				A581B93B2BEF831B005B2B4D /* AppDelegate.swift */,
				A581B93D2BEF831B005B2B4D /* SceneDelegate.swift */,
				A581B93F2BEF831B005B2B4D /* ViewController.swift */,
				A581B9412BEF831B005B2B4D /* Main.storyboard */,
				A581B9442BEF831D005B2B4D /* Assets.xcassets */,
				A581B9462BEF831D005B2B4D /* LaunchScreen.storyboard */,
				A581B9492BEF831D005B2B4D /* Info.plist */,
				A54D46362BF00A8300722F48 /* AppNavigation.swift */,
			);
			path = "bornlogic-test";
			sourceTree = "<group>";
		};
		A581B9512BEF831D005B2B4D /* bornlogic-testTests */ = {
			isa = PBXGroup;
			children = (
				A54D464F2BF0968E00722F48 /* Network */,
				A54D46482BF095CE00722F48 /* Mocks */,
				A581B9522BEF831D005B2B4D /* bornlogic_testTests.swift */,
			);
			path = "bornlogic-testTests";
			sourceTree = "<group>";
		};
		A581B95B2BEF831D005B2B4D /* bornlogic-testUITests */ = {
			isa = PBXGroup;
			children = (
				A581B95C2BEF831D005B2B4D /* bornlogic_testUITests.swift */,
				A581B95E2BEF831D005B2B4D /* bornlogic_testUITestsLaunchTests.swift */,
			);
			path = "bornlogic-testUITests";
			sourceTree = "<group>";
		};
/* End PBXGroup section */

/* Begin PBXNativeTarget section */
		A581B9372BEF831B005B2B4D /* bornlogic-test */ = {
			isa = PBXNativeTarget;
			buildConfigurationList = A581B9622BEF831D005B2B4D /* Build configuration list for PBXNativeTarget "bornlogic-test" */;
			buildPhases = (
				A581B9342BEF831B005B2B4D /* Sources */,
				A581B9352BEF831B005B2B4D /* Frameworks */,
				A581B9362BEF831B005B2B4D /* Resources */,
			);
			buildRules = (
			);
			dependencies = (
			);
			name = "bornlogic-test";
			productName = "bornlogic-test";
			productReference = A581B9382BEF831B005B2B4D /* bornlogic-test.app */;
			productType = "com.apple.product-type.application";
		};
		A581B94D2BEF831D005B2B4D /* bornlogic-testTests */ = {
			isa = PBXNativeTarget;
			buildConfigurationList = A581B9652BEF831D005B2B4D /* Build configuration list for PBXNativeTarget "bornlogic-testTests" */;
			buildPhases = (
				A581B94A2BEF831D005B2B4D /* Sources */,
				A581B94B2BEF831D005B2B4D /* Frameworks */,
				A581B94C2BEF831D005B2B4D /* Resources */,
			);
			buildRules = (
			);
			dependencies = (
				A581B9502BEF831D005B2B4D /* PBXTargetDependency */,
			);
			name = "bornlogic-testTests";
			productName = "bornlogic-testTests";
			productReference = A581B94E2BEF831D005B2B4D /* bornlogic-testTests.xctest */;
			productType = "com.apple.product-type.bundle.unit-test";
		};
		A581B9572BEF831D005B2B4D /* bornlogic-testUITests */ = {
			isa = PBXNativeTarget;
			buildConfigurationList = A581B9682BEF831D005B2B4D /* Build configuration list for PBXNativeTarget "bornlogic-testUITests" */;
			buildPhases = (
				A581B9542BEF831D005B2B4D /* Sources */,
				A581B9552BEF831D005B2B4D /* Frameworks */,
				A581B9562BEF831D005B2B4D /* Resources */,
			);
			buildRules = (
			);
			dependencies = (
				A581B95A2BEF831D005B2B4D /* PBXTargetDependency */,
			);
			name = "bornlogic-testUITests";
			productName = "bornlogic-testUITests";
			productReference = A581B9582BEF831D005B2B4D /* bornlogic-testUITests.xctest */;
			productType = "com.apple.product-type.bundle.ui-testing";
		};
/* End PBXNativeTarget section */

/* Begin PBXProject section */
		A581B9302BEF831B005B2B4D /* Project object */ = {
			isa = PBXProject;
			attributes = {
				BuildIndependentTargetsInParallel = 1;
				LastSwiftUpdateCheck = 1510;
				LastUpgradeCheck = 1510;
				TargetAttributes = {
					A581B9372BEF831B005B2B4D = {
						CreatedOnToolsVersion = 15.1;
					};
					A581B94D2BEF831D005B2B4D = {
						CreatedOnToolsVersion = 15.1;
						TestTargetID = A581B9372BEF831B005B2B4D;
					};
					A581B9572BEF831D005B2B4D = {
						CreatedOnToolsVersion = 15.1;
						TestTargetID = A581B9372BEF831B005B2B4D;
					};
				};
			};
			buildConfigurationList = A581B9332BEF831B005B2B4D /* Build configuration list for PBXProject "bornlogic-test" */;
			compatibilityVersion = "Xcode 14.0";
			developmentRegion = en;
			hasScannedForEncodings = 0;
			knownRegions = (
				en,
				Base,
			);
			mainGroup = A581B92F2BEF831B005B2B4D;
			productRefGroup = A581B9392BEF831B005B2B4D /* Products */;
			projectDirPath = "";
			projectRoot = "";
			targets = (
				A581B9372BEF831B005B2B4D /* bornlogic-test */,
				A581B94D2BEF831D005B2B4D /* bornlogic-testTests */,
				A581B9572BEF831D005B2B4D /* bornlogic-testUITests */,
			);
		};
/* End PBXProject section */

/* Begin PBXResourcesBuildPhase section */
		A581B9362BEF831B005B2B4D /* Resources */ = {
			isa = PBXResourcesBuildPhase;
			buildActionMask = 2147483647;
			files = (
				A581B9482BEF831D005B2B4D /* LaunchScreen.storyboard in Resources */,
				A581B9452BEF831D005B2B4D /* Assets.xcassets in Resources */,
				A581B9432BEF831B005B2B4D /* Main.storyboard in Resources */,
			);
			runOnlyForDeploymentPostprocessing = 0;
		};
		A581B94C2BEF831D005B2B4D /* Resources */ = {
			isa = PBXResourcesBuildPhase;
			buildActionMask = 2147483647;
			files = (
			);
			runOnlyForDeploymentPostprocessing = 0;
		};
		A581B9562BEF831D005B2B4D /* Resources */ = {
			isa = PBXResourcesBuildPhase;
			buildActionMask = 2147483647;
			files = (
			);
			runOnlyForDeploymentPostprocessing = 0;
		};
/* End PBXResourcesBuildPhase section */

/* Begin PBXSourcesBuildPhase section */
		A581B9342BEF831B005B2B4D /* Sources */ = {
			isa = PBXSourcesBuildPhase;
			buildActionMask = 2147483647;
			files = (
				A54D462A2BF007CE00722F48 /* String+Extension.swift in Sources */,
				A54D46322BF009C700722F48 /* AppImages.swift in Sources */,
				A54D46402BF08DE400722F48 /* NetworkCommonTypes.swift in Sources */,
				A54D46472BF08FD700722F48 /* KeychainHelper.swift in Sources */,
				A54D46302BF0099B00722F48 /* DIContainer.swift in Sources */,
				A54D46372BF00A8300722F48 /* AppNavigation.swift in Sources */,
				A54D46352BF00A1A00722F48 /* NavigationCoordinator.swift in Sources */,
				A54D46282BF0078100722F48 /* UIColor+Extension.swift in Sources */,
				A54D46242BF006E400722F48 /* Constants.swift in Sources */,
				A54D463C2BF08DA900722F48 /* URLRequestConvertible.swift in Sources */,
				A54D463E2BF08DC400722F48 /* Router.swift in Sources */,
				A581B9402BEF831B005B2B4D /* ViewController.swift in Sources */,
				A581B93C2BEF831B005B2B4D /* AppDelegate.swift in Sources */,
				A54D462C2BF0080900722F48 /* DateFormatter+Extension.swift in Sources */,
				A54D46262BF0073600722F48 /* AppColors.swift in Sources */,
				A54D46422BF08E0000722F48 /* NetworkServiceProtocol.swift in Sources */,
				A54D46442BF08E3400722F48 /* DefaultNetworkService.swift in Sources */,
				A54D46222BF006AC00722F48 /* UIView+Extension.swift in Sources */,
				A581B93E2BEF831B005B2B4D /* SceneDelegate.swift in Sources */,
				A54D462E2BF0085500722F48 /* DefaultCodableStrategy.swift in Sources */,
			);
			runOnlyForDeploymentPostprocessing = 0;
		};
		A581B94A2BEF831D005B2B4D /* Sources */ = {
			isa = PBXSourcesBuildPhase;
			buildActionMask = 2147483647;
			files = (
				A54D464D2BF0961000722F48 /* NetworkMockRoute.swift in Sources */,
				A581B9532BEF831D005B2B4D /* bornlogic_testTests.swift in Sources */,
				A54D46512BF0969A00722F48 /* NetworkTests.swift in Sources */,
				A54D464A2BF095D600722F48 /* MockURLProtocol.swift in Sources */,
			);
			runOnlyForDeploymentPostprocessing = 0;
		};
		A581B9542BEF831D005B2B4D /* Sources */ = {
			isa = PBXSourcesBuildPhase;
			buildActionMask = 2147483647;
			files = (
				A581B95F2BEF831D005B2B4D /* bornlogic_testUITestsLaunchTests.swift in Sources */,
				A581B95D2BEF831D005B2B4D /* bornlogic_testUITests.swift in Sources */,
			);
			runOnlyForDeploymentPostprocessing = 0;
		};
/* End PBXSourcesBuildPhase section */

/* Begin PBXTargetDependency section */
		A581B9502BEF831D005B2B4D /* PBXTargetDependency */ = {
			isa = PBXTargetDependency;
			target = A581B9372BEF831B005B2B4D /* bornlogic-test */;
			targetProxy = A581B94F2BEF831D005B2B4D /* PBXContainerItemProxy */;
		};
		A581B95A2BEF831D005B2B4D /* PBXTargetDependency */ = {
			isa = PBXTargetDependency;
			target = A581B9372BEF831B005B2B4D /* bornlogic-test */;
			targetProxy = A581B9592BEF831D005B2B4D /* PBXContainerItemProxy */;
		};
/* End PBXTargetDependency section */

/* Begin PBXVariantGroup section */
		A581B9412BEF831B005B2B4D /* Main.storyboard */ = {
			isa = PBXVariantGroup;
			children = (
				A581B9422BEF831B005B2B4D /* Base */,
			);
			name = Main.storyboard;
			sourceTree = "<group>";
		};
		A581B9462BEF831D005B2B4D /* LaunchScreen.storyboard */ = {
			isa = PBXVariantGroup;
			children = (
				A581B9472BEF831D005B2B4D /* Base */,
			);
			name = LaunchScreen.storyboard;
			sourceTree = "<group>";
		};
/* End PBXVariantGroup section */

/* Begin XCBuildConfiguration section */
		A581B9602BEF831D005B2B4D /* Debug */ = {
			isa = XCBuildConfiguration;
			buildSettings = {
				ALWAYS_SEARCH_USER_PATHS = NO;
				ASSETCATALOG_COMPILER_GENERATE_SWIFT_ASSET_SYMBOL_EXTENSIONS = YES;
				CLANG_ANALYZER_NONNULL = YES;
				CLANG_ANALYZER_NUMBER_OBJECT_CONVERSION = YES_AGGRESSIVE;
				CLANG_CXX_LANGUAGE_STANDARD = "gnu++20";
				CLANG_ENABLE_MODULES = YES;
				CLANG_ENABLE_OBJC_ARC = YES;
				CLANG_ENABLE_OBJC_WEAK = YES;
				CLANG_WARN_BLOCK_CAPTURE_AUTORELEASING = YES;
				CLANG_WARN_BOOL_CONVERSION = YES;
				CLANG_WARN_COMMA = YES;
				CLANG_WARN_CONSTANT_CONVERSION = YES;
				CLANG_WARN_DEPRECATED_OBJC_IMPLEMENTATIONS = YES;
				CLANG_WARN_DIRECT_OBJC_ISA_USAGE = YES_ERROR;
				CLANG_WARN_DOCUMENTATION_COMMENTS = YES;
				CLANG_WARN_EMPTY_BODY = YES;
				CLANG_WARN_ENUM_CONVERSION = YES;
				CLANG_WARN_INFINITE_RECURSION = YES;
				CLANG_WARN_INT_CONVERSION = YES;
				CLANG_WARN_NON_LITERAL_NULL_CONVERSION = YES;
				CLANG_WARN_OBJC_IMPLICIT_RETAIN_SELF = YES;
				CLANG_WARN_OBJC_LITERAL_CONVERSION = YES;
				CLANG_WARN_OBJC_ROOT_CLASS = YES_ERROR;
				CLANG_WARN_QUOTED_INCLUDE_IN_FRAMEWORK_HEADER = YES;
				CLANG_WARN_RANGE_LOOP_ANALYSIS = YES;
				CLANG_WARN_STRICT_PROTOTYPES = YES;
				CLANG_WARN_SUSPICIOUS_MOVE = YES;
				CLANG_WARN_UNGUARDED_AVAILABILITY = YES_AGGRESSIVE;
				CLANG_WARN_UNREACHABLE_CODE = YES;
				CLANG_WARN__DUPLICATE_METHOD_MATCH = YES;
				COPY_PHASE_STRIP = NO;
				DEBUG_INFORMATION_FORMAT = dwarf;
				ENABLE_STRICT_OBJC_MSGSEND = YES;
				ENABLE_TESTABILITY = YES;
				ENABLE_USER_SCRIPT_SANDBOXING = YES;
				GCC_C_LANGUAGE_STANDARD = gnu17;
				GCC_DYNAMIC_NO_PIC = NO;
				GCC_NO_COMMON_BLOCKS = YES;
				GCC_OPTIMIZATION_LEVEL = 0;
				GCC_PREPROCESSOR_DEFINITIONS = (
					"DEBUG=1",
					"$(inherited)",
				);
				GCC_WARN_64_TO_32_BIT_CONVERSION = YES;
				GCC_WARN_ABOUT_RETURN_TYPE = YES_ERROR;
				GCC_WARN_UNDECLARED_SELECTOR = YES;
				GCC_WARN_UNINITIALIZED_AUTOS = YES_AGGRESSIVE;
				GCC_WARN_UNUSED_FUNCTION = YES;
				GCC_WARN_UNUSED_VARIABLE = YES;
				IPHONEOS_DEPLOYMENT_TARGET = 17.2;
				LOCALIZATION_PREFERS_STRING_CATALOGS = YES;
				MTL_ENABLE_DEBUG_INFO = INCLUDE_SOURCE;
				MTL_FAST_MATH = YES;
				ONLY_ACTIVE_ARCH = YES;
				SDKROOT = iphoneos;
				SWIFT_ACTIVE_COMPILATION_CONDITIONS = "DEBUG $(inherited)";
				SWIFT_OPTIMIZATION_LEVEL = "-Onone";
			};
			name = Debug;
		};
		A581B9612BEF831D005B2B4D /* Release */ = {
			isa = XCBuildConfiguration;
			buildSettings = {
				ALWAYS_SEARCH_USER_PATHS = NO;
				ASSETCATALOG_COMPILER_GENERATE_SWIFT_ASSET_SYMBOL_EXTENSIONS = YES;
				CLANG_ANALYZER_NONNULL = YES;
				CLANG_ANALYZER_NUMBER_OBJECT_CONVERSION = YES_AGGRESSIVE;
				CLANG_CXX_LANGUAGE_STANDARD = "gnu++20";
				CLANG_ENABLE_MODULES = YES;
				CLANG_ENABLE_OBJC_ARC = YES;
				CLANG_ENABLE_OBJC_WEAK = YES;
				CLANG_WARN_BLOCK_CAPTURE_AUTORELEASING = YES;
				CLANG_WARN_BOOL_CONVERSION = YES;
				CLANG_WARN_COMMA = YES;
				CLANG_WARN_CONSTANT_CONVERSION = YES;
				CLANG_WARN_DEPRECATED_OBJC_IMPLEMENTATIONS = YES;
				CLANG_WARN_DIRECT_OBJC_ISA_USAGE = YES_ERROR;
				CLANG_WARN_DOCUMENTATION_COMMENTS = YES;
				CLANG_WARN_EMPTY_BODY = YES;
				CLANG_WARN_ENUM_CONVERSION = YES;
				CLANG_WARN_INFINITE_RECURSION = YES;
				CLANG_WARN_INT_CONVERSION = YES;
				CLANG_WARN_NON_LITERAL_NULL_CONVERSION = YES;
				CLANG_WARN_OBJC_IMPLICIT_RETAIN_SELF = YES;
				CLANG_WARN_OBJC_LITERAL_CONVERSION = YES;
				CLANG_WARN_OBJC_ROOT_CLASS = YES_ERROR;
				CLANG_WARN_QUOTED_INCLUDE_IN_FRAMEWORK_HEADER = YES;
				CLANG_WARN_RANGE_LOOP_ANALYSIS = YES;
				CLANG_WARN_STRICT_PROTOTYPES = YES;
				CLANG_WARN_SUSPICIOUS_MOVE = YES;
				CLANG_WARN_UNGUARDED_AVAILABILITY = YES_AGGRESSIVE;
				CLANG_WARN_UNREACHABLE_CODE = YES;
				CLANG_WARN__DUPLICATE_METHOD_MATCH = YES;
				COPY_PHASE_STRIP = NO;
				DEBUG_INFORMATION_FORMAT = "dwarf-with-dsym";
				ENABLE_NS_ASSERTIONS = NO;
				ENABLE_STRICT_OBJC_MSGSEND = YES;
				ENABLE_USER_SCRIPT_SANDBOXING = YES;
				GCC_C_LANGUAGE_STANDARD = gnu17;
				GCC_NO_COMMON_BLOCKS = YES;
				GCC_WARN_64_TO_32_BIT_CONVERSION = YES;
				GCC_WARN_ABOUT_RETURN_TYPE = YES_ERROR;
				GCC_WARN_UNDECLARED_SELECTOR = YES;
				GCC_WARN_UNINITIALIZED_AUTOS = YES_AGGRESSIVE;
				GCC_WARN_UNUSED_FUNCTION = YES;
				GCC_WARN_UNUSED_VARIABLE = YES;
				IPHONEOS_DEPLOYMENT_TARGET = 17.2;
				LOCALIZATION_PREFERS_STRING_CATALOGS = YES;
				MTL_ENABLE_DEBUG_INFO = NO;
				MTL_FAST_MATH = YES;
				SDKROOT = iphoneos;
				SWIFT_COMPILATION_MODE = wholemodule;
				VALIDATE_PRODUCT = YES;
			};
			name = Release;
		};
		A581B9632BEF831D005B2B4D /* Debug */ = {
			isa = XCBuildConfiguration;
			buildSettings = {
				ASSETCATALOG_COMPILER_APPICON_NAME = AppIcon;
				ASSETCATALOG_COMPILER_GLOBAL_ACCENT_COLOR_NAME = AccentColor;
				CODE_SIGN_STYLE = Automatic;
				CURRENT_PROJECT_VERSION = 1;
				DEVELOPMENT_TEAM = 8HS35WKYD8;
				GENERATE_INFOPLIST_FILE = YES;
				INFOPLIST_FILE = "bornlogic-test/Info.plist";
				INFOPLIST_KEY_UIApplicationSupportsIndirectInputEvents = YES;
				INFOPLIST_KEY_UILaunchStoryboardName = LaunchScreen;
				INFOPLIST_KEY_UIMainStoryboardFile = Main;
				INFOPLIST_KEY_UISupportedInterfaceOrientations_iPad = "UIInterfaceOrientationPortrait UIInterfaceOrientationPortraitUpsideDown UIInterfaceOrientationLandscapeLeft UIInterfaceOrientationLandscapeRight";
				INFOPLIST_KEY_UISupportedInterfaceOrientations_iPhone = "UIInterfaceOrientationPortrait UIInterfaceOrientationLandscapeLeft UIInterfaceOrientationLandscapeRight";
				LD_RUNPATH_SEARCH_PATHS = (
					"$(inherited)",
					"@executable_path/Frameworks",
				);
				MARKETING_VERSION = 1.0;
				PRODUCT_BUNDLE_IDENTIFIER = "com.joaocervo.bornlogic-test";
				PRODUCT_NAME = "$(TARGET_NAME)";
				SWIFT_EMIT_LOC_STRINGS = YES;
				SWIFT_VERSION = 5.0;
				TARGETED_DEVICE_FAMILY = "1,2";
			};
			name = Debug;
		};
		A581B9642BEF831D005B2B4D /* Release */ = {
			isa = XCBuildConfiguration;
			buildSettings = {
				ASSETCATALOG_COMPILER_APPICON_NAME = AppIcon;
				ASSETCATALOG_COMPILER_GLOBAL_ACCENT_COLOR_NAME = AccentColor;
				CODE_SIGN_STYLE = Automatic;
				CURRENT_PROJECT_VERSION = 1;
				DEVELOPMENT_TEAM = 8HS35WKYD8;
				GENERATE_INFOPLIST_FILE = YES;
				INFOPLIST_FILE = "bornlogic-test/Info.plist";
				INFOPLIST_KEY_UIApplicationSupportsIndirectInputEvents = YES;
				INFOPLIST_KEY_UILaunchStoryboardName = LaunchScreen;
				INFOPLIST_KEY_UIMainStoryboardFile = Main;
				INFOPLIST_KEY_UISupportedInterfaceOrientations_iPad = "UIInterfaceOrientationPortrait UIInterfaceOrientationPortraitUpsideDown UIInterfaceOrientationLandscapeLeft UIInterfaceOrientationLandscapeRight";
				INFOPLIST_KEY_UISupportedInterfaceOrientations_iPhone = "UIInterfaceOrientationPortrait UIInterfaceOrientationLandscapeLeft UIInterfaceOrientationLandscapeRight";
				LD_RUNPATH_SEARCH_PATHS = (
					"$(inherited)",
					"@executable_path/Frameworks",
				);
				MARKETING_VERSION = 1.0;
				PRODUCT_BUNDLE_IDENTIFIER = "com.joaocervo.bornlogic-test";
				PRODUCT_NAME = "$(TARGET_NAME)";
				SWIFT_EMIT_LOC_STRINGS = YES;
				SWIFT_VERSION = 5.0;
				TARGETED_DEVICE_FAMILY = "1,2";
			};
			name = Release;
		};
		A581B9662BEF831D005B2B4D /* Debug */ = {
			isa = XCBuildConfiguration;
			buildSettings = {
				ALWAYS_EMBED_SWIFT_STANDARD_LIBRARIES = YES;
				BUNDLE_LOADER = "$(TEST_HOST)";
				CODE_SIGN_STYLE = Automatic;
				CURRENT_PROJECT_VERSION = 1;
				DEVELOPMENT_TEAM = 8HS35WKYD8;
				GENERATE_INFOPLIST_FILE = YES;
				IPHONEOS_DEPLOYMENT_TARGET = 17.2;
				MARKETING_VERSION = 1.0;
				PRODUCT_BUNDLE_IDENTIFIER = "com.joaocervo.bornlogic-testTests";
				PRODUCT_NAME = "$(TARGET_NAME)";
				SWIFT_EMIT_LOC_STRINGS = NO;
				SWIFT_VERSION = 5.0;
				TARGETED_DEVICE_FAMILY = "1,2";
				TEST_HOST = "$(BUILT_PRODUCTS_DIR)/bornlogic-test.app/$(BUNDLE_EXECUTABLE_FOLDER_PATH)/bornlogic-test";
			};
			name = Debug;
		};
		A581B9672BEF831D005B2B4D /* Release */ = {
			isa = XCBuildConfiguration;
			buildSettings = {
				ALWAYS_EMBED_SWIFT_STANDARD_LIBRARIES = YES;
				BUNDLE_LOADER = "$(TEST_HOST)";
				CODE_SIGN_STYLE = Automatic;
				CURRENT_PROJECT_VERSION = 1;
				DEVELOPMENT_TEAM = 8HS35WKYD8;
				GENERATE_INFOPLIST_FILE = YES;
				IPHONEOS_DEPLOYMENT_TARGET = 17.2;
				MARKETING_VERSION = 1.0;
				PRODUCT_BUNDLE_IDENTIFIER = "com.joaocervo.bornlogic-testTests";
				PRODUCT_NAME = "$(TARGET_NAME)";
				SWIFT_EMIT_LOC_STRINGS = NO;
				SWIFT_VERSION = 5.0;
				TARGETED_DEVICE_FAMILY = "1,2";
				TEST_HOST = "$(BUILT_PRODUCTS_DIR)/bornlogic-test.app/$(BUNDLE_EXECUTABLE_FOLDER_PATH)/bornlogic-test";
			};
			name = Release;
		};
		A581B9692BEF831D005B2B4D /* Debug */ = {
			isa = XCBuildConfiguration;
			buildSettings = {
				ALWAYS_EMBED_SWIFT_STANDARD_LIBRARIES = YES;
				CODE_SIGN_STYLE = Automatic;
				CURRENT_PROJECT_VERSION = 1;
				DEVELOPMENT_TEAM = 8HS35WKYD8;
				GENERATE_INFOPLIST_FILE = YES;
				MARKETING_VERSION = 1.0;
				PRODUCT_BUNDLE_IDENTIFIER = "com.joaocervo.bornlogic-testUITests";
				PRODUCT_NAME = "$(TARGET_NAME)";
				SWIFT_EMIT_LOC_STRINGS = NO;
				SWIFT_VERSION = 5.0;
				TARGETED_DEVICE_FAMILY = "1,2";
				TEST_TARGET_NAME = "bornlogic-test";
			};
			name = Debug;
		};
		A581B96A2BEF831D005B2B4D /* Release */ = {
			isa = XCBuildConfiguration;
			buildSettings = {
				ALWAYS_EMBED_SWIFT_STANDARD_LIBRARIES = YES;
				CODE_SIGN_STYLE = Automatic;
				CURRENT_PROJECT_VERSION = 1;
				DEVELOPMENT_TEAM = 8HS35WKYD8;
				GENERATE_INFOPLIST_FILE = YES;
				MARKETING_VERSION = 1.0;
				PRODUCT_BUNDLE_IDENTIFIER = "com.joaocervo.bornlogic-testUITests";
				PRODUCT_NAME = "$(TARGET_NAME)";
				SWIFT_EMIT_LOC_STRINGS = NO;
				SWIFT_VERSION = 5.0;
				TARGETED_DEVICE_FAMILY = "1,2";
				TEST_TARGET_NAME = "bornlogic-test";
			};
			name = Release;
		};
/* End XCBuildConfiguration section */

/* Begin XCConfigurationList section */
		A581B9332BEF831B005B2B4D /* Build configuration list for PBXProject "bornlogic-test" */ = {
			isa = XCConfigurationList;
			buildConfigurations = (
				A581B9602BEF831D005B2B4D /* Debug */,
				A581B9612BEF831D005B2B4D /* Release */,
			);
			defaultConfigurationIsVisible = 0;
			defaultConfigurationName = Release;
		};
		A581B9622BEF831D005B2B4D /* Build configuration list for PBXNativeTarget "bornlogic-test" */ = {
			isa = XCConfigurationList;
			buildConfigurations = (
				A581B9632BEF831D005B2B4D /* Debug */,
				A581B9642BEF831D005B2B4D /* Release */,
			);
			defaultConfigurationIsVisible = 0;
			defaultConfigurationName = Release;
		};
		A581B9652BEF831D005B2B4D /* Build configuration list for PBXNativeTarget "bornlogic-testTests" */ = {
			isa = XCConfigurationList;
			buildConfigurations = (
				A581B9662BEF831D005B2B4D /* Debug */,
				A581B9672BEF831D005B2B4D /* Release */,
			);
			defaultConfigurationIsVisible = 0;
			defaultConfigurationName = Release;
		};
		A581B9682BEF831D005B2B4D /* Build configuration list for PBXNativeTarget "bornlogic-testUITests" */ = {
			isa = XCConfigurationList;
			buildConfigurations = (
				A581B9692BEF831D005B2B4D /* Debug */,
				A581B96A2BEF831D005B2B4D /* Release */,
			);
			defaultConfigurationIsVisible = 0;
			defaultConfigurationName = Release;
		};
/* End XCConfigurationList section */
	};
	rootObject = A581B9302BEF831B005B2B4D /* Project object */;
}
